// !$*UTF8*$!
{
	archiveVersion = 1;
	classes = {
	};
	objectVersion = 50;
	objects = {

/* Begin PBXBuildFile section */
		1505938322ECDEE0008CA14F /* AppDelegate.swift in Sources */ = {isa = PBXBuildFile; fileRef = 1505938222ECDEE0008CA14F /* AppDelegate.swift */; };
		1505938522ECDEE0008CA14F /* ViewController.swift in Sources */ = {isa = PBXBuildFile; fileRef = 1505938422ECDEE0008CA14F /* ViewController.swift */; };
		1505938822ECDEE0008CA14F /* Main.storyboard in Resources */ = {isa = PBXBuildFile; fileRef = 1505938622ECDEE0008CA14F /* Main.storyboard */; };
		1505938A22ECDEE2008CA14F /* Assets.xcassets in Resources */ = {isa = PBXBuildFile; fileRef = 1505938922ECDEE2008CA14F /* Assets.xcassets */; };
		1505938D22ECDEE2008CA14F /* LaunchScreen.storyboard in Resources */ = {isa = PBXBuildFile; fileRef = 1505938B22ECDEE2008CA14F /* LaunchScreen.storyboard */; };
		15B2A30522ECE5CA00667C70 /* DataBetween.swift in Sources */ = {isa = PBXBuildFile; fileRef = 15B2A30422ECE5CA00667C70 /* DataBetween.swift */; };
		15B2A30622ECE5CA00667C70 /* DataBetween.swift in Sources */ = {isa = PBXBuildFile; fileRef = 15B2A30422ECE5CA00667C70 /* DataBetween.swift */; };
		15B2A34D22ED0A8C00667C70 /* GameScene.sks in Resources */ = {isa = PBXBuildFile; fileRef = 15B2A34C22ED0A8C00667C70 /* GameScene.sks */; };
		15B2A34F22ED0AA000667C70 /* GameScene.swift in Sources */ = {isa = PBXBuildFile; fileRef = 15B2A34E22ED0AA000667C70 /* GameScene.swift */; };
		15B2A35722ED12D200667C70 /* MyTileSet.sks in Resources */ = {isa = PBXBuildFile; fileRef = 15B2A35522ED12D200667C70 /* MyTileSet.sks */; };
		A1FDD70222ECDCEE00AF453E /* AppDelegate.swift in Sources */ = {isa = PBXBuildFile; fileRef = A1FDD70122ECDCEE00AF453E /* AppDelegate.swift */; };
		A1FDD70422ECDCEE00AF453E /* ViewController.swift in Sources */ = {isa = PBXBuildFile; fileRef = A1FDD70322ECDCEE00AF453E /* ViewController.swift */; };
		A1FDD70722ECDCEE00AF453E /* CuriosityPacMan.xcdatamodeld in Sources */ = {isa = PBXBuildFile; fileRef = A1FDD70522ECDCEE00AF453E /* CuriosityPacMan.xcdatamodeld */; };
		A1FDD70A22ECDCEE00AF453E /* Main.storyboard in Resources */ = {isa = PBXBuildFile; fileRef = A1FDD70822ECDCEE00AF453E /* Main.storyboard */; };
		A1FDD70C22ECDCF000AF453E /* Assets.xcassets in Resources */ = {isa = PBXBuildFile; fileRef = A1FDD70B22ECDCF000AF453E /* Assets.xcassets */; };
/* End PBXBuildFile section */

/* Begin PBXFileReference section */
		1505938022ECDEE0008CA14F /* CuriosityPacMan_iOS.app */ = {isa = PBXFileReference; explicitFileType = wrapper.application; includeInIndex = 0; path = CuriosityPacMan_iOS.app; sourceTree = BUILT_PRODUCTS_DIR; };
		1505938222ECDEE0008CA14F /* AppDelegate.swift */ = {isa = PBXFileReference; lastKnownFileType = sourcecode.swift; path = AppDelegate.swift; sourceTree = "<group>"; };
		1505938422ECDEE0008CA14F /* ViewController.swift */ = {isa = PBXFileReference; lastKnownFileType = sourcecode.swift; path = ViewController.swift; sourceTree = "<group>"; };
		1505938722ECDEE0008CA14F /* Base */ = {isa = PBXFileReference; lastKnownFileType = file.storyboard; name = Base; path = Base.lproj/Main.storyboard; sourceTree = "<group>"; };
		1505938922ECDEE2008CA14F /* Assets.xcassets */ = {isa = PBXFileReference; lastKnownFileType = folder.assetcatalog; path = Assets.xcassets; sourceTree = "<group>"; };
		1505938C22ECDEE2008CA14F /* Base */ = {isa = PBXFileReference; lastKnownFileType = file.storyboard; name = Base; path = Base.lproj/LaunchScreen.storyboard; sourceTree = "<group>"; };
		1505938E22ECDEE2008CA14F /* Info.plist */ = {isa = PBXFileReference; lastKnownFileType = text.plist.xml; path = Info.plist; sourceTree = "<group>"; };
		15B2A30422ECE5CA00667C70 /* DataBetween.swift */ = {isa = PBXFileReference; lastKnownFileType = sourcecode.swift; path = DataBetween.swift; sourceTree = "<group>"; };
		15B2A34C22ED0A8C00667C70 /* GameScene.sks */ = {isa = PBXFileReference; lastKnownFileType = file.sks; path = GameScene.sks; sourceTree = "<group>"; };
		15B2A34E22ED0AA000667C70 /* GameScene.swift */ = {isa = PBXFileReference; lastKnownFileType = sourcecode.swift; path = GameScene.swift; sourceTree = "<group>"; };
		15B2A35522ED12D200667C70 /* MyTileSet.sks */ = {isa = PBXFileReference; lastKnownFileType = file.sks; path = MyTileSet.sks; sourceTree = "<group>"; };
		A1FDD6FE22ECDCEE00AF453E /* CuriosityPacMan.app */ = {isa = PBXFileReference; explicitFileType = wrapper.application; includeInIndex = 0; path = CuriosityPacMan.app; sourceTree = BUILT_PRODUCTS_DIR; };
		A1FDD70122ECDCEE00AF453E /* AppDelegate.swift */ = {isa = PBXFileReference; lastKnownFileType = sourcecode.swift; path = AppDelegate.swift; sourceTree = "<group>"; };
		A1FDD70322ECDCEE00AF453E /* ViewController.swift */ = {isa = PBXFileReference; lastKnownFileType = sourcecode.swift; path = ViewController.swift; sourceTree = "<group>"; };
		A1FDD70622ECDCEE00AF453E /* CuriosityPacMan.xcdatamodel */ = {isa = PBXFileReference; lastKnownFileType = wrapper.xcdatamodel; path = CuriosityPacMan.xcdatamodel; sourceTree = "<group>"; };
		A1FDD70922ECDCEE00AF453E /* Base */ = {isa = PBXFileReference; lastKnownFileType = file.storyboard; name = Base; path = Base.lproj/Main.storyboard; sourceTree = "<group>"; };
		A1FDD70B22ECDCF000AF453E /* Assets.xcassets */ = {isa = PBXFileReference; lastKnownFileType = folder.assetcatalog; path = Assets.xcassets; sourceTree = "<group>"; };
		A1FDD70D22ECDCF000AF453E /* Info.plist */ = {isa = PBXFileReference; lastKnownFileType = text.plist.xml; path = Info.plist; sourceTree = "<group>"; };
/* End PBXFileReference section */

/* Begin PBXFrameworksBuildPhase section */
		1505937D22ECDEE0008CA14F /* Frameworks */ = {
			isa = PBXFrameworksBuildPhase;
			buildActionMask = 2147483647;
			files = (
			);
			runOnlyForDeploymentPostprocessing = 0;
		};
		A1FDD6FB22ECDCEE00AF453E /* Frameworks */ = {
			isa = PBXFrameworksBuildPhase;
			buildActionMask = 2147483647;
			files = (
			);
			runOnlyForDeploymentPostprocessing = 0;
		};
/* End PBXFrameworksBuildPhase section */

/* Begin PBXGroup section */
		1505938122ECDEE0008CA14F /* CuriosityPacMan_iOS */ = {
			isa = PBXGroup;
			children = (
				1505938222ECDEE0008CA14F /* AppDelegate.swift */,
				1505938422ECDEE0008CA14F /* ViewController.swift */,
				1505938622ECDEE0008CA14F /* Main.storyboard */,
				1505938922ECDEE2008CA14F /* Assets.xcassets */,
				1505938B22ECDEE2008CA14F /* LaunchScreen.storyboard */,
				1505938E22ECDEE2008CA14F /* Info.plist */,
			);
			path = CuriosityPacMan_iOS;
			sourceTree = "<group>";
		};
		15B2A34722ED0A0000667C70 /* SpriteKit */ = {
			isa = PBXGroup;
			children = (
				15B2A34C22ED0A8C00667C70 /* GameScene.sks */,
				15B2A34E22ED0AA000667C70 /* GameScene.swift */,
				15B2A35522ED12D200667C70 /* MyTileSet.sks */,
			);
			path = SpriteKit;
			sourceTree = "<group>";
		};
		A1FDD6F522ECDCEE00AF453E = {
			isa = PBXGroup;
			children = (
				15B2A30422ECE5CA00667C70 /* DataBetween.swift */,
				A1FDD70022ECDCEE00AF453E /* CuriosityPacMan */,
				1505938122ECDEE0008CA14F /* CuriosityPacMan_iOS */,
				A1FDD6FF22ECDCEE00AF453E /* Products */,
			);
			sourceTree = "<group>";
		};
		A1FDD6FF22ECDCEE00AF453E /* Products */ = {
			isa = PBXGroup;
			children = (
				A1FDD6FE22ECDCEE00AF453E /* CuriosityPacMan.app */,
				1505938022ECDEE0008CA14F /* CuriosityPacMan_iOS.app */,
			);
			name = Products;
			sourceTree = "<group>";
		};
		A1FDD70022ECDCEE00AF453E /* CuriosityPacMan */ = {
			isa = PBXGroup;
			children = (
				15B2A34722ED0A0000667C70 /* SpriteKit */,
				A1FDD70122ECDCEE00AF453E /* AppDelegate.swift */,
				A1FDD70322ECDCEE00AF453E /* ViewController.swift */,
				A1FDD70822ECDCEE00AF453E /* Main.storyboard */,
				A1FDD70B22ECDCF000AF453E /* Assets.xcassets */,
				A1FDD70D22ECDCF000AF453E /* Info.plist */,
				A1FDD70522ECDCEE00AF453E /* CuriosityPacMan.xcdatamodeld */,
			);
			path = CuriosityPacMan;
			sourceTree = "<group>";
		};
/* End PBXGroup section */

/* Begin PBXNativeTarget section */
		1505937F22ECDEE0008CA14F /* CuriosityPacMan_iOS */ = {
			isa = PBXNativeTarget;
			buildConfigurationList = 1505939122ECDEE2008CA14F /* Build configuration list for PBXNativeTarget "CuriosityPacMan_iOS" */;
			buildPhases = (
				1505937C22ECDEE0008CA14F /* Sources */,
				1505937D22ECDEE0008CA14F /* Frameworks */,
				1505937E22ECDEE0008CA14F /* Resources */,
			);
			buildRules = (
			);
			dependencies = (
			);
			name = CuriosityPacMan_iOS;
			productName = CuriosityPacMan_iOS;
			productReference = 1505938022ECDEE0008CA14F /* CuriosityPacMan_iOS.app */;
			productType = "com.apple.product-type.application";
		};
		A1FDD6FD22ECDCEE00AF453E /* CuriosityPacMan */ = {
			isa = PBXNativeTarget;
			buildConfigurationList = A1FDD71022ECDCF000AF453E /* Build configuration list for PBXNativeTarget "CuriosityPacMan" */;
			buildPhases = (
				A1FDD6FA22ECDCEE00AF453E /* Sources */,
				A1FDD6FB22ECDCEE00AF453E /* Frameworks */,
				A1FDD6FC22ECDCEE00AF453E /* Resources */,
			);
			buildRules = (
			);
			dependencies = (
			);
			name = CuriosityPacMan;
			productName = CuriosityPacMan;
			productReference = A1FDD6FE22ECDCEE00AF453E /* CuriosityPacMan.app */;
			productType = "com.apple.product-type.application";
		};
/* End PBXNativeTarget section */

/* Begin PBXProject section */
		A1FDD6F622ECDCEE00AF453E /* Project object */ = {
			isa = PBXProject;
			attributes = {
				LastSwiftUpdateCheck = 1030;
				LastUpgradeCheck = 1030;
				ORGANIZATIONNAME = "Lucas Cardoso";
				TargetAttributes = {
					1505937F22ECDEE0008CA14F = {
						CreatedOnToolsVersion = 10.3;
					};
					A1FDD6FD22ECDCEE00AF453E = {
						CreatedOnToolsVersion = 10.3;
					};
				};
			};
			buildConfigurationList = A1FDD6F922ECDCEE00AF453E /* Build configuration list for PBXProject "CuriosityPacMan" */;
			compatibilityVersion = "Xcode 9.3";
			developmentRegion = en;
			hasScannedForEncodings = 0;
			knownRegions = (
				en,
				Base,
			);
			mainGroup = A1FDD6F522ECDCEE00AF453E;
			productRefGroup = A1FDD6FF22ECDCEE00AF453E /* Products */;
			projectDirPath = "";
			projectRoot = "";
			targets = (
				A1FDD6FD22ECDCEE00AF453E /* CuriosityPacMan */,
				1505937F22ECDEE0008CA14F /* CuriosityPacMan_iOS */,
			);
		};
/* End PBXProject section */

/* Begin PBXResourcesBuildPhase section */
		1505937E22ECDEE0008CA14F /* Resources */ = {
			isa = PBXResourcesBuildPhase;
			buildActionMask = 2147483647;
			files = (
				1505938D22ECDEE2008CA14F /* LaunchScreen.storyboard in Resources */,
				1505938A22ECDEE2008CA14F /* Assets.xcassets in Resources */,
				1505938822ECDEE0008CA14F /* Main.storyboard in Resources */,
			);
			runOnlyForDeploymentPostprocessing = 0;
		};
		A1FDD6FC22ECDCEE00AF453E /* Resources */ = {
			isa = PBXResourcesBuildPhase;
			buildActionMask = 2147483647;
			files = (
				15B2A35722ED12D200667C70 /* MyTileSet.sks in Resources */,
				A1FDD70C22ECDCF000AF453E /* Assets.xcassets in Resources */,
				15B2A34D22ED0A8C00667C70 /* GameScene.sks in Resources */,
				A1FDD70A22ECDCEE00AF453E /* Main.storyboard in Resources */,
			);
			runOnlyForDeploymentPostprocessing = 0;
		};
/* End PBXResourcesBuildPhase section */

/* Begin PBXSourcesBuildPhase section */
		1505937C22ECDEE0008CA14F /* Sources */ = {
			isa = PBXSourcesBuildPhase;
			buildActionMask = 2147483647;
			files = (
				15B2A30622ECE5CA00667C70 /* DataBetween.swift in Sources */,
				1505938522ECDEE0008CA14F /* ViewController.swift in Sources */,
				1505938322ECDEE0008CA14F /* AppDelegate.swift in Sources */,
			);
			runOnlyForDeploymentPostprocessing = 0;
		};
		A1FDD6FA22ECDCEE00AF453E /* Sources */ = {
			isa = PBXSourcesBuildPhase;
			buildActionMask = 2147483647;
			files = (
				15B2A34F22ED0AA000667C70 /* GameScene.swift in Sources */,
				15B2A30522ECE5CA00667C70 /* DataBetween.swift in Sources */,
				A1FDD70422ECDCEE00AF453E /* ViewController.swift in Sources */,
				A1FDD70722ECDCEE00AF453E /* CuriosityPacMan.xcdatamodeld in Sources */,
				A1FDD70222ECDCEE00AF453E /* AppDelegate.swift in Sources */,
			);
			runOnlyForDeploymentPostprocessing = 0;
		};
/* End PBXSourcesBuildPhase section */

/* Begin PBXVariantGroup section */
		1505938622ECDEE0008CA14F /* Main.storyboard */ = {
			isa = PBXVariantGroup;
			children = (
				1505938722ECDEE0008CA14F /* Base */,
			);
			name = Main.storyboard;
			sourceTree = "<group>";
		};
		1505938B22ECDEE2008CA14F /* LaunchScreen.storyboard */ = {
			isa = PBXVariantGroup;
			children = (
				1505938C22ECDEE2008CA14F /* Base */,
			);
			name = LaunchScreen.storyboard;
			sourceTree = "<group>";
		};
		A1FDD70822ECDCEE00AF453E /* Main.storyboard */ = {
			isa = PBXVariantGroup;
			children = (
				A1FDD70922ECDCEE00AF453E /* Base */,
			);
			name = Main.storyboard;
			sourceTree = "<group>";
		};
/* End PBXVariantGroup section */

/* Begin XCBuildConfiguration section */
		1505938F22ECDEE2008CA14F /* Debug */ = {
			isa = XCBuildConfiguration;
			buildSettings = {
				ASSETCATALOG_COMPILER_APPICON_NAME = AppIcon;
				CODE_SIGN_IDENTITY = "iPhone Developer";
				CODE_SIGN_STYLE = Automatic;
				DEVELOPMENT_TEAM = DKR9MLJ8T7;
				INFOPLIST_FILE = CuriosityPacMan_iOS/Info.plist;
				IPHONEOS_DEPLOYMENT_TARGET = 12.3;
				LD_RUNPATH_SEARCH_PATHS = (
					"$(inherited)",
					"@executable_path/Frameworks",
				);
				PRODUCT_BUNDLE_IDENTIFIER = "home.CuriosityPacMan-iOS";
				PRODUCT_NAME = "$(TARGET_NAME)";
				SDKROOT = iphoneos;
				SWIFT_VERSION = 5.0;
				TARGETED_DEVICE_FAMILY = "1,2";
			};
			name = Debug;
		};
		1505939022ECDEE2008CA14F /* Release */ = {
			isa = XCBuildConfiguration;
			buildSettings = {
				ASSETCATALOG_COMPILER_APPICON_NAME = AppIcon;
				CODE_SIGN_IDENTITY = "iPhone Developer";
				CODE_SIGN_STYLE = Automatic;
				DEVELOPMENT_TEAM = DKR9MLJ8T7;
				INFOPLIST_FILE = CuriosityPacMan_iOS/Info.plist;
				IPHONEOS_DEPLOYMENT_TARGET = 12.3;
				LD_RUNPATH_SEARCH_PATHS = (
					"$(inherited)",
					"@executable_path/Frameworks",
				);
				PRODUCT_BUNDLE_IDENTIFIER = "home.CuriosityPacMan-iOS";
				PRODUCT_NAME = "$(TARGET_NAME)";
				SDKROOT = iphoneos;
				SWIFT_VERSION = 5.0;
				TARGETED_DEVICE_FAMILY = "1,2";
			};
			name = Release;
		};
		A1FDD70E22ECDCF000AF453E /* Debug */ = {
			isa = XCBuildConfiguration;
			buildSettings = {
				ALWAYS_SEARCH_USER_PATHS = NO;
				CLANG_ANALYZER_NONNULL = YES;
				CLANG_ANALYZER_NUMBER_OBJECT_CONVERSION = YES_AGGRESSIVE;
				CLANG_CXX_LANGUAGE_STANDARD = "gnu++14";
				CLANG_CXX_LIBRARY = "libc++";
				CLANG_ENABLE_MODULES = YES;
				CLANG_ENABLE_OBJC_ARC = YES;
				CLANG_ENABLE_OBJC_WEAK = YES;
				CLANG_WARN_BLOCK_CAPTURE_AUTORELEASING = YES;
				CLANG_WARN_BOOL_CONVERSION = YES;
				CLANG_WARN_COMMA = YES;
				CLANG_WARN_CONSTANT_CONVERSION = YES;
				CLANG_WARN_DEPRECATED_OBJC_IMPLEMENTATIONS = YES;
				CLANG_WARN_DIRECT_OBJC_ISA_USAGE = YES_ERROR;
				CLANG_WARN_DOCUMENTATION_COMMENTS = YES;
				CLANG_WARN_EMPTY_BODY = YES;
				CLANG_WARN_ENUM_CONVERSION = YES;
				CLANG_WARN_INFINITE_RECURSION = YES;
				CLANG_WARN_INT_CONVERSION = YES;
				CLANG_WARN_NON_LITERAL_NULL_CONVERSION = YES;
				CLANG_WARN_OBJC_IMPLICIT_RETAIN_SELF = YES;
				CLANG_WARN_OBJC_LITERAL_CONVERSION = YES;
				CLANG_WARN_OBJC_ROOT_CLASS = YES_ERROR;
				CLANG_WARN_RANGE_LOOP_ANALYSIS = YES;
				CLANG_WARN_STRICT_PROTOTYPES = YES;
				CLANG_WARN_SUSPICIOUS_MOVE = YES;
				CLANG_WARN_UNGUARDED_AVAILABILITY = YES_AGGRESSIVE;
				CLANG_WARN_UNREACHABLE_CODE = YES;
				CLANG_WARN__DUPLICATE_METHOD_MATCH = YES;
				COPY_PHASE_STRIP = NO;
				DEBUG_INFORMATION_FORMAT = dwarf;
				ENABLE_STRICT_OBJC_MSGSEND = YES;
				ENABLE_TESTABILITY = YES;
				GCC_C_LANGUAGE_STANDARD = gnu11;
				GCC_DYNAMIC_NO_PIC = NO;
				GCC_NO_COMMON_BLOCKS = YES;
				GCC_OPTIMIZATION_LEVEL = 0;
				GCC_PREPROCESSOR_DEFINITIONS = (
					"DEBUG=1",
					"$(inherited)",
				);
				GCC_WARN_64_TO_32_BIT_CONVERSION = YES;
				GCC_WARN_ABOUT_RETURN_TYPE = YES_ERROR;
				GCC_WARN_UNDECLARED_SELECTOR = YES;
				GCC_WARN_UNINITIALIZED_AUTOS = YES_AGGRESSIVE;
				GCC_WARN_UNUSED_FUNCTION = YES;
				GCC_WARN_UNUSED_VARIABLE = YES;
				MTL_ENABLE_DEBUG_INFO = INCLUDE_SOURCE;
				MTL_FAST_MATH = YES;
				ONLY_ACTIVE_ARCH = YES;
				SDKROOT = appletvos;
				SWIFT_ACTIVE_COMPILATION_CONDITIONS = DEBUG;
				SWIFT_OPTIMIZATION_LEVEL = "-Onone";
				TVOS_DEPLOYMENT_TARGET = 12.4;
			};
			name = Debug;
		};
		A1FDD70F22ECDCF000AF453E /* Release */ = {
			isa = XCBuildConfiguration;
			buildSettings = {
				ALWAYS_SEARCH_USER_PATHS = NO;
				CLANG_ANALYZER_NONNULL = YES;
				CLANG_ANALYZER_NUMBER_OBJECT_CONVERSION = YES_AGGRESSIVE;
				CLANG_CXX_LANGUAGE_STANDARD = "gnu++14";
				CLANG_CXX_LIBRARY = "libc++";
				CLANG_ENABLE_MODULES = YES;
				CLANG_ENABLE_OBJC_ARC = YES;
				CLANG_ENABLE_OBJC_WEAK = YES;
				CLANG_WARN_BLOCK_CAPTURE_AUTORELEASING = YES;
				CLANG_WARN_BOOL_CONVERSION = YES;
				CLANG_WARN_COMMA = YES;
				CLANG_WARN_CONSTANT_CONVERSION = YES;
				CLANG_WARN_DEPRECATED_OBJC_IMPLEMENTATIONS = YES;
				CLANG_WARN_DIRECT_OBJC_ISA_USAGE = YES_ERROR;
				CLANG_WARN_DOCUMENTATION_COMMENTS = YES;
				CLANG_WARN_EMPTY_BODY = YES;
				CLANG_WARN_ENUM_CONVERSION = YES;
				CLANG_WARN_INFINITE_RECURSION = YES;
				CLANG_WARN_INT_CONVERSION = YES;
				CLANG_WARN_NON_LITERAL_NULL_CONVERSION = YES;
				CLANG_WARN_OBJC_IMPLICIT_RETAIN_SELF = YES;
				CLANG_WARN_OBJC_LITERAL_CONVERSION = YES;
				CLANG_WARN_OBJC_ROOT_CLASS = YES_ERROR;
				CLANG_WARN_RANGE_LOOP_ANALYSIS = YES;
				CLANG_WARN_STRICT_PROTOTYPES = YES;
				CLANG_WARN_SUSPICIOUS_MOVE = YES;
				CLANG_WARN_UNGUARDED_AVAILABILITY = YES_AGGRESSIVE;
				CLANG_WARN_UNREACHABLE_CODE = YES;
				CLANG_WARN__DUPLICATE_METHOD_MATCH = YES;
				COPY_PHASE_STRIP = NO;
				DEBUG_INFORMATION_FORMAT = "dwarf-with-dsym";
				ENABLE_NS_ASSERTIONS = NO;
				ENABLE_STRICT_OBJC_MSGSEND = YES;
				GCC_C_LANGUAGE_STANDARD = gnu11;
				GCC_NO_COMMON_BLOCKS = YES;
				GCC_WARN_64_TO_32_BIT_CONVERSION = YES;
				GCC_WARN_ABOUT_RETURN_TYPE = YES_ERROR;
				GCC_WARN_UNDECLARED_SELECTOR = YES;
				GCC_WARN_UNINITIALIZED_AUTOS = YES_AGGRESSIVE;
				GCC_WARN_UNUSED_FUNCTION = YES;
				GCC_WARN_UNUSED_VARIABLE = YES;
				MTL_ENABLE_DEBUG_INFO = NO;
				MTL_FAST_MATH = YES;
				SDKROOT = appletvos;
				SWIFT_COMPILATION_MODE = wholemodule;
				SWIFT_OPTIMIZATION_LEVEL = "-O";
				TVOS_DEPLOYMENT_TARGET = 12.4;
				VALIDATE_PRODUCT = YES;
			};
			name = Release;
		};
		A1FDD71122ECDCF000AF453E /* Debug */ = {
			isa = XCBuildConfiguration;
			buildSettings = {
				ASSETCATALOG_COMPILER_APPICON_NAME = "App Icon & Top Shelf Image";
				CODE_SIGN_STYLE = Automatic;
				DEVELOPMENT_TEAM = JM6RH6V5Z9;
				INFOPLIST_FILE = CuriosityPacMan/Info.plist;
				LD_RUNPATH_SEARCH_PATHS = (
					"$(inherited)",
					"@executable_path/Frameworks",
				);
				PRODUCT_BUNDLE_IDENTIFIER = academy.abigos.CuriosityPacMan;
				PRODUCT_NAME = "$(TARGET_NAME)";
				SWIFT_VERSION = 5.0;
				TARGETED_DEVICE_FAMILY = 3;
				TVOS_DEPLOYMENT_TARGET = 12.0;
			};
			name = Debug;
		};
		A1FDD71222ECDCF000AF453E /* Release */ = {
			isa = XCBuildConfiguration;
			buildSettings = {
				ASSETCATALOG_COMPILER_APPICON_NAME = "App Icon & Top Shelf Image";
				CODE_SIGN_STYLE = Automatic;
				DEVELOPMENT_TEAM = JM6RH6V5Z9;
				INFOPLIST_FILE = CuriosityPacMan/Info.plist;
				LD_RUNPATH_SEARCH_PATHS = (
					"$(inherited)",
					"@executable_path/Frameworks",
				);
				PRODUCT_BUNDLE_IDENTIFIER = academy.abigos.CuriosityPacMan;
				PRODUCT_NAME = "$(TARGET_NAME)";
				SWIFT_VERSION = 5.0;
				TARGETED_DEVICE_FAMILY = 3;
				TVOS_DEPLOYMENT_TARGET = 12.0;
			};
			name = Release;
		};
/* End XCBuildConfiguration section */

/* Begin XCConfigurationList section */
		1505939122ECDEE2008CA14F /* Build configuration list for PBXNativeTarget "CuriosityPacMan_iOS" */ = {
			isa = XCConfigurationList;
			buildConfigurations = (
				1505938F22ECDEE2008CA14F /* Debug */,
				1505939022ECDEE2008CA14F /* Release */,
			);
			defaultConfigurationIsVisible = 0;
			defaultConfigurationName = Release;
		};
		A1FDD6F922ECDCEE00AF453E /* Build configuration list for PBXProject "CuriosityPacMan" */ = {
			isa = XCConfigurationList;
			buildConfigurations = (
				A1FDD70E22ECDCF000AF453E /* Debug */,
				A1FDD70F22ECDCF000AF453E /* Release */,
			);
			defaultConfigurationIsVisible = 0;
			defaultConfigurationName = Release;
		};
		A1FDD71022ECDCF000AF453E /* Build configuration list for PBXNativeTarget "CuriosityPacMan" */ = {
			isa = XCConfigurationList;
			buildConfigurations = (
				A1FDD71122ECDCF000AF453E /* Debug */,
				A1FDD71222ECDCF000AF453E /* Release */,
			);
			defaultConfigurationIsVisible = 0;
			defaultConfigurationName = Release;
		};
/* End XCConfigurationList section */

/* Begin XCVersionGroup section */
		A1FDD70522ECDCEE00AF453E /* CuriosityPacMan.xcdatamodeld */ = {
			isa = XCVersionGroup;
			children = (
				A1FDD70622ECDCEE00AF453E /* CuriosityPacMan.xcdatamodel */,
			);
			currentVersion = A1FDD70622ECDCEE00AF453E /* CuriosityPacMan.xcdatamodel */;
			path = CuriosityPacMan.xcdatamodeld;
			sourceTree = "<group>";
			versionGroupType = wrapper.xcdatamodel;
		};
/* End XCVersionGroup section */
	};
	rootObject = A1FDD6F622ECDCEE00AF453E /* Project object */;
}
